{
  "name": "using-ajs",
  "version": "1.0.0",
  "lockfileVersion": 3,
  "requires": true,
  "packages": {
    "": {
      "name": "using-ajs",
      "version": "1.0.0",
      "license": "ISC",
      "dependencies": {
        "@steklon/ajs": "^1.0.0"
      }
    },
    "node_modules/@steklon/ajs": {
      "version": "1.0.0",
      "resolved": "https://npm.pkg.github.com/download/@steklon/ajs/1.0.0/69fb42e3752aee616d154cfb1a705983dd54d5e4",
      "integrity": "sha512-nyOiQ8srFcydvy9me+zfUS9RSdxoG74Quf2hLfOLP+kORDC9gjGLT6GeJ5KOPAzZ5qPCbEwphRUVWXlxKtQtWg=="
    }
  }
}
